
Microsoft Visual Studio Solution File, Format Version 12.00
# Visual Studio Version 17
VisualStudioVersion = 17.4.33205.214
MinimumVisualStudioVersion = 10.0.40219.1
Project("{9A19103F-16F7-4668-BE54-9A1E7A4F7556}") = "Ovn14-Gym.Core", "Ovn14-Gym.Core\Ovn14-Gym.Core.csproj", "{912D293F-5C55-4853-8649-A8C728378AAF}"
EndProject
Project("{9A19103F-16F7-4668-BE54-9A1E7A4F7556}") = "Ovn14-Gym.Web", "Ovn14-Gym.Web\Ovn14-Gym.Web.csproj", "{A713D931-D687-4A67-8C59-5855337FF32B}"
	ProjectSection(ProjectDependencies) = postProject
		{912D293F-5C55-4853-8649-A8C728378AAF} = {912D293F-5C55-4853-8649-A8C728378AAF}
	EndProjectSection
EndProject
Project("{9A19103F-16F7-4668-BE54-9A1E7A4F7556}") = "Ovn14-Gym.Data", "Ovn14-Gym.Data\Ovn14-Gym.Data.csproj", "{38B4A15B-F28D-43C6-B92D-2B216DFCA2B5}"
EndProject
Project("{FAE04EC0-301F-11D3-BF4B-00C04F79EFBC}") = "Ovn14-Gym.Tests", "Ovn14-Gym.Tests\Ovn14-Gym.Tests.csproj", "{C226815F-F0AA-438F-8384-E5BC28FE4DE3}"
EndProject
Global
	GlobalSection(SolutionConfigurationPlatforms) = preSolution
		Debug|Any CPU = Debug|Any CPU
		Release|Any CPU = Release|Any CPU
	EndGlobalSection
	GlobalSection(ProjectConfigurationPlatforms) = postSolution
		{912D293F-5C55-4853-8649-A8C728378AAF}.Debug|Any CPU.ActiveCfg = Debug|Any CPU
		{912D293F-5C55-4853-8649-A8C728378AAF}.Debug|Any CPU.Build.0 = Debug|Any CPU
		{912D293F-5C55-4853-8649-A8C728378AAF}.Release|Any CPU.ActiveCfg = Release|Any CPU
		{912D293F-5C55-4853-8649-A8C728378AAF}.Release|Any CPU.Build.0 = Release|Any CPU
		{A713D931-D687-4A67-8C59-5855337FF32B}.Debug|Any CPU.ActiveCfg = Debug|Any CPU
		{A713D931-D687-4A67-8C59-5855337FF32B}.Debug|Any CPU.Build.0 = Debug|Any CPU
		{A713D931-D687-4A67-8C59-5855337FF32B}.Release|Any CPU.ActiveCfg = Release|Any CPU
		{A713D931-D687-4A67-8C59-5855337FF32B}.Release|Any CPU.Build.0 = Release|Any CPU
		{38B4A15B-F28D-43C6-B92D-2B216DFCA2B5}.Debug|Any CPU.ActiveCfg = Debug|Any CPU
		{38B4A15B-F28D-43C6-B92D-2B216DFCA2B5}.Debug|Any CPU.Build.0 = Debug|Any CPU
		{38B4A15B-F28D-43C6-B92D-2B216DFCA2B5}.Release|Any CPU.ActiveCfg = Release|Any CPU
		{38B4A15B-F28D-43C6-B92D-2B216DFCA2B5}.Release|Any CPU.Build.0 = Release|Any CPU
		{C226815F-F0AA-438F-8384-E5BC28FE4DE3}.Debug|Any CPU.ActiveCfg = Debug|Any CPU
		{C226815F-F0AA-438F-8384-E5BC28FE4DE3}.Debug|Any CPU.Build.0 = Debug|Any CPU
		{C226815F-F0AA-438F-8384-E5BC28FE4DE3}.Release|Any CPU.ActiveCfg = Release|Any CPU
		{C226815F-F0AA-438F-8384-E5BC28FE4DE3}.Release|Any CPU.Build.0 = Release|Any CPU
	EndGlobalSection
	GlobalSection(SolutionProperties) = preSolution
		HideSolutionNode = FALSE
	EndGlobalSection
	GlobalSection(ExtensibilityGlobals) = postSolution
		SolutionGuid = {828CB6B8-B822-4CF2-AD17-AC3C85283F0D}
	EndGlobalSection
EndGlobal
